
Microsoft Visual Studio Solution File, Format Version 12.00
# Visual Studio Version 17
VisualStudioVersion = 17.0.31521.260
MinimumVisualStudioVersion = 10.0.40219.1
Project("{9A19103F-16F7-4668-BE54-9A1E7A4F7556}") = "DotnetInject.SourceGenerators", "DotnetInject.SourceGenerator\DotnetInject.SourceGenerators.csproj", "{FCCAB665-ED09-4C42-99C5-1CFF151F09D4}"
EndProject
Project("{9A19103F-16F7-4668-BE54-9A1E7A4F7556}") = "DotnetInject.Common", "DotnetInject.Common\DotnetInject.Common.csproj", "{DCD34608-441D-4BAA-9932-F57D0568B249}"
EndProject
Project("{2150E333-8FDC-42A3-9474-1A3956D46DE8}") = "Solution Items", "Solution Items", "{6E1FD7E5-B15B-4CF3-B248-AF607E28853A}"
	ProjectSection(SolutionItems) = preProject
		.editorconfig = .editorconfig
	EndProjectSection
EndProject
Global
	GlobalSection(SolutionConfigurationPlatforms) = preSolution
		Debug|Any CPU = Debug|Any CPU
		Release|Any CPU = Release|Any CPU
	EndGlobalSection
	GlobalSection(ProjectConfigurationPlatforms) = postSolution
		{FCCAB665-ED09-4C42-99C5-1CFF151F09D4}.Debug|Any CPU.ActiveCfg = Debug|Any CPU
		{FCCAB665-ED09-4C42-99C5-1CFF151F09D4}.Debug|Any CPU.Build.0 = Debug|Any CPU
		{FCCAB665-ED09-4C42-99C5-1CFF151F09D4}.Release|Any CPU.ActiveCfg = Release|Any CPU
		{FCCAB665-ED09-4C42-99C5-1CFF151F09D4}.Release|Any CPU.Build.0 = Release|Any CPU
		{DCD34608-441D-4BAA-9932-F57D0568B249}.Debug|Any CPU.ActiveCfg = Debug|Any CPU
		{DCD34608-441D-4BAA-9932-F57D0568B249}.Debug|Any CPU.Build.0 = Debug|Any CPU
		{DCD34608-441D-4BAA-9932-F57D0568B249}.Release|Any CPU.ActiveCfg = Release|Any CPU
		{DCD34608-441D-4BAA-9932-F57D0568B249}.Release|Any CPU.Build.0 = Release|Any CPU
	EndGlobalSection
	GlobalSection(SolutionProperties) = preSolution
		HideSolutionNode = FALSE
	EndGlobalSection
	GlobalSection(ExtensibilityGlobals) = postSolution
		SolutionGuid = {08024B4D-0ACD-489A-A72A-7451A43F56FF}
	EndGlobalSection
EndGlobal
